
Microsoft Visual Studio Solution File, Format Version 12.00
# Visual Studio Version 17
VisualStudioVersion = 17.2.32519.379
MinimumVisualStudioVersion = 10.0.40219.1
Project("{9A19103F-16F7-4668-BE54-9A1E7A4F7556}") = "HubLibraryVM", "HubLibraryVM\HubLibraryVM.csproj", "{AC17AE79-2C49-49DD-A1B1-823715CB4C9E}"
EndProject
Project("{9A19103F-16F7-4668-BE54-9A1E7A4F7556}") = "BaseLibraryConsole", "BaseLibraryConsole\BaseLibraryConsole.csproj", "{5F010AA3-B962-4867-99F7-2D9D32A2F38C}"
EndProject
Project("{9A19103F-16F7-4668-BE54-9A1E7A4F7556}") = "BaseLibraryFile", "BaseLibraryFile\BaseLibraryFile.csproj", "{C0609A29-E4C8-4747-9000-FE4C62AFF3EA}"
EndProject
Project("{9A19103F-16F7-4668-BE54-9A1E7A4F7556}") = "BaseLibraryHTTP", "BaseLibraryHTTP\BaseLibraryHTTP.csproj", "{FE2D23D5-7AEF-41DB-90BF-72D70242B3C3}"
EndProject
Project("{9A19103F-16F7-4668-BE54-9A1E7A4F7556}") = "BaseLibraryGeneral", "Baselibrary\BaseLibraryGeneral.csproj", "{F6002616-039F-4844-9F7C-DC2A840E76EA}"
EndProject
Project("{9A19103F-16F7-4668-BE54-9A1E7A4F7556}") = "BaseLibraryException", "BaseLibraryException\BaseLibraryException.csproj", "{67D73ADC-7B26-4A5E-B893-35BD4909620A}"
EndProject
Project("{9A19103F-16F7-4668-BE54-9A1E7A4F7556}") = "BaseDialogInterfaceInjection", "BaseDialogInterfaceInjection\BaseDialogInterfaceInjection.csproj", "{B21A2206-3141-4703-A06D-45689B6D4531}"
EndProject
Project("{9A19103F-16F7-4668-BE54-9A1E7A4F7556}") = "BaseInterfaceInjection", "BaseInterfaceInjection\BaseInterfaceInjection.csproj", "{A9F7D121-E1F0-43DD-BEF1-63881F23EA88}"
EndProject
Project("{9A19103F-16F7-4668-BE54-9A1E7A4F7556}") = "BaseLibrarySerializerXML", "BaseLibrarySerializerXML\BaseLibrarySerializerXML.csproj", "{B764C1CE-DC02-4388-8C05-419BC586F41D}"
EndProject
Global
	GlobalSection(SolutionConfigurationPlatforms) = preSolution
		Debug|Any CPU = Debug|Any CPU
		Debug|x64 = Debug|x64
		Debug|x86 = Debug|x86
		Release|Any CPU = Release|Any CPU
		Release|x64 = Release|x64
		Release|x86 = Release|x86
	EndGlobalSection
	GlobalSection(ProjectConfigurationPlatforms) = postSolution
		{AC17AE79-2C49-49DD-A1B1-823715CB4C9E}.Debug|Any CPU.ActiveCfg = Debug|x86
		{AC17AE79-2C49-49DD-A1B1-823715CB4C9E}.Debug|x64.ActiveCfg = Debug|x64
		{AC17AE79-2C49-49DD-A1B1-823715CB4C9E}.Debug|x64.Build.0 = Debug|x64
		{AC17AE79-2C49-49DD-A1B1-823715CB4C9E}.Debug|x86.ActiveCfg = Debug|x86
		{AC17AE79-2C49-49DD-A1B1-823715CB4C9E}.Debug|x86.Build.0 = Debug|x86
		{AC17AE79-2C49-49DD-A1B1-823715CB4C9E}.Release|Any CPU.ActiveCfg = Release|x86
		{AC17AE79-2C49-49DD-A1B1-823715CB4C9E}.Release|x64.ActiveCfg = Release|x64
		{AC17AE79-2C49-49DD-A1B1-823715CB4C9E}.Release|x64.Build.0 = Release|x64
		{AC17AE79-2C49-49DD-A1B1-823715CB4C9E}.Release|x86.ActiveCfg = Release|x86
		{AC17AE79-2C49-49DD-A1B1-823715CB4C9E}.Release|x86.Build.0 = Release|x86
		{5F010AA3-B962-4867-99F7-2D9D32A2F38C}.Debug|Any CPU.ActiveCfg = Debug|Any CPU
		{5F010AA3-B962-4867-99F7-2D9D32A2F38C}.Debug|Any CPU.Build.0 = Debug|Any CPU
		{5F010AA3-B962-4867-99F7-2D9D32A2F38C}.Debug|x64.ActiveCfg = Debug|Any CPU
		{5F010AA3-B962-4867-99F7-2D9D32A2F38C}.Debug|x64.Build.0 = Debug|Any CPU
		{5F010AA3-B962-4867-99F7-2D9D32A2F38C}.Debug|x86.ActiveCfg = Debug|Any CPU
		{5F010AA3-B962-4867-99F7-2D9D32A2F38C}.Debug|x86.Build.0 = Debug|Any CPU
		{5F010AA3-B962-4867-99F7-2D9D32A2F38C}.Release|Any CPU.ActiveCfg = Release|Any CPU
		{5F010AA3-B962-4867-99F7-2D9D32A2F38C}.Release|Any CPU.Build.0 = Release|Any CPU
		{5F010AA3-B962-4867-99F7-2D9D32A2F38C}.Release|x64.ActiveCfg = Release|Any CPU
		{5F010AA3-B962-4867-99F7-2D9D32A2F38C}.Release|x64.Build.0 = Release|Any CPU
		{5F010AA3-B962-4867-99F7-2D9D32A2F38C}.Release|x86.ActiveCfg = Release|Any CPU
		{5F010AA3-B962-4867-99F7-2D9D32A2F38C}.Release|x86.Build.0 = Release|Any CPU
		{C0609A29-E4C8-4747-9000-FE4C62AFF3EA}.Debug|Any CPU.ActiveCfg = Debug|Any CPU
		{C0609A29-E4C8-4747-9000-FE4C62AFF3EA}.Debug|Any CPU.Build.0 = Debug|Any CPU
		{C0609A29-E4C8-4747-9000-FE4C62AFF3EA}.Debug|x64.ActiveCfg = Debug|Any CPU
		{C0609A29-E4C8-4747-9000-FE4C62AFF3EA}.Debug|x64.Build.0 = Debug|Any CPU
		{C0609A29-E4C8-4747-9000-FE4C62AFF3EA}.Debug|x86.ActiveCfg = Debug|Any CPU
		{C0609A29-E4C8-4747-9000-FE4C62AFF3EA}.Debug|x86.Build.0 = Debug|Any CPU
		{C0609A29-E4C8-4747-9000-FE4C62AFF3EA}.Release|Any CPU.ActiveCfg = Release|Any CPU
		{C0609A29-E4C8-4747-9000-FE4C62AFF3EA}.Release|Any CPU.Build.0 = Release|Any CPU
		{C0609A29-E4C8-4747-9000-FE4C62AFF3EA}.Release|x64.ActiveCfg = Release|Any CPU
		{C0609A29-E4C8-4747-9000-FE4C62AFF3EA}.Release|x64.Build.0 = Release|Any CPU
		{C0609A29-E4C8-4747-9000-FE4C62AFF3EA}.Release|x86.ActiveCfg = Release|Any CPU
		{C0609A29-E4C8-4747-9000-FE4C62AFF3EA}.Release|x86.Build.0 = Release|Any CPU
		{FE2D23D5-7AEF-41DB-90BF-72D70242B3C3}.Debug|Any CPU.ActiveCfg = Debug|Any CPU
		{FE2D23D5-7AEF-41DB-90BF-72D70242B3C3}.Debug|Any CPU.Build.0 = Debug|Any CPU
		{FE2D23D5-7AEF-41DB-90BF-72D70242B3C3}.Debug|x64.ActiveCfg = Debug|Any CPU
		{FE2D23D5-7AEF-41DB-90BF-72D70242B3C3}.Debug|x64.Build.0 = Debug|Any CPU
		{FE2D23D5-7AEF-41DB-90BF-72D70242B3C3}.Debug|x86.ActiveCfg = Debug|Any CPU
		{FE2D23D5-7AEF-41DB-90BF-72D70242B3C3}.Debug|x86.Build.0 = Debug|Any CPU
		{FE2D23D5-7AEF-41DB-90BF-72D70242B3C3}.Release|Any CPU.ActiveCfg = Release|Any CPU
		{FE2D23D5-7AEF-41DB-90BF-72D70242B3C3}.Release|Any CPU.Build.0 = Release|Any CPU
		{FE2D23D5-7AEF-41DB-90BF-72D70242B3C3}.Release|x64.ActiveCfg = Release|Any CPU
		{FE2D23D5-7AEF-41DB-90BF-72D70242B3C3}.Release|x64.Build.0 = Release|Any CPU
		{FE2D23D5-7AEF-41DB-90BF-72D70242B3C3}.Release|x86.ActiveCfg = Release|Any CPU
		{FE2D23D5-7AEF-41DB-90BF-72D70242B3C3}.Release|x86.Build.0 = Release|Any CPU
		{F6002616-039F-4844-9F7C-DC2A840E76EA}.Debug|Any CPU.ActiveCfg = Debug|Any CPU
		{F6002616-039F-4844-9F7C-DC2A840E76EA}.Debug|Any CPU.Build.0 = Debug|Any CPU
		{F6002616-039F-4844-9F7C-DC2A840E76EA}.Debug|x64.ActiveCfg = Debug|x64
		{F6002616-039F-4844-9F7C-DC2A840E76EA}.Debug|x64.Build.0 = Debug|x64
		{F6002616-039F-4844-9F7C-DC2A840E76EA}.Debug|x86.ActiveCfg = Debug|x86
		{F6002616-039F-4844-9F7C-DC2A840E76EA}.Debug|x86.Build.0 = Debug|x86
		{F6002616-039F-4844-9F7C-DC2A840E76EA}.Release|Any CPU.ActiveCfg = Release|Any CPU
		{F6002616-039F-4844-9F7C-DC2A840E76EA}.Release|Any CPU.Build.0 = Release|Any CPU
		{F6002616-039F-4844-9F7C-DC2A840E76EA}.Release|x64.ActiveCfg = Release|x64
		{F6002616-039F-4844-9F7C-DC2A840E76EA}.Release|x64.Build.0 = Release|x64
		{F6002616-039F-4844-9F7C-DC2A840E76EA}.Release|x86.ActiveCfg = Release|x86
		{F6002616-039F-4844-9F7C-DC2A840E76EA}.Release|x86.Build.0 = Release|x86
		{67D73ADC-7B26-4A5E-B893-35BD4909620A}.Debug|Any CPU.ActiveCfg = Debug|Any CPU
		{67D73ADC-7B26-4A5E-B893-35BD4909620A}.Debug|Any CPU.Build.0 = Debug|Any CPU
		{67D73ADC-7B26-4A5E-B893-35BD4909620A}.Debug|x64.ActiveCfg = Debug|x64
		{67D73ADC-7B26-4A5E-B893-35BD4909620A}.Debug|x64.Build.0 = Debug|x64
		{67D73ADC-7B26-4A5E-B893-35BD4909620A}.Debug|x86.ActiveCfg = Debug|Any CPU
		{67D73ADC-7B26-4A5E-B893-35BD4909620A}.Debug|x86.Build.0 = Debug|Any CPU
		{67D73ADC-7B26-4A5E-B893-35BD4909620A}.Release|Any CPU.ActiveCfg = Release|Any CPU
		{67D73ADC-7B26-4A5E-B893-35BD4909620A}.Release|Any CPU.Build.0 = Release|Any CPU
		{67D73ADC-7B26-4A5E-B893-35BD4909620A}.Release|x64.ActiveCfg = Release|x64
		{67D73ADC-7B26-4A5E-B893-35BD4909620A}.Release|x64.Build.0 = Release|x64
		{67D73ADC-7B26-4A5E-B893-35BD4909620A}.Release|x86.ActiveCfg = Release|Any CPU
		{67D73ADC-7B26-4A5E-B893-35BD4909620A}.Release|x86.Build.0 = Release|Any CPU
		{B21A2206-3141-4703-A06D-45689B6D4531}.Debug|Any CPU.ActiveCfg = Debug|Any CPU
		{B21A2206-3141-4703-A06D-45689B6D4531}.Debug|Any CPU.Build.0 = Debug|Any CPU
		{B21A2206-3141-4703-A06D-45689B6D4531}.Debug|x64.ActiveCfg = Debug|x64
		{B21A2206-3141-4703-A06D-45689B6D4531}.Debug|x64.Build.0 = Debug|x64
		{B21A2206-3141-4703-A06D-45689B6D4531}.Debug|x86.ActiveCfg = Debug|Any CPU
		{B21A2206-3141-4703-A06D-45689B6D4531}.Debug|x86.Build.0 = Debug|Any CPU
		{B21A2206-3141-4703-A06D-45689B6D4531}.Release|Any CPU.ActiveCfg = Release|Any CPU
		{B21A2206-3141-4703-A06D-45689B6D4531}.Release|Any CPU.Build.0 = Release|Any CPU
		{B21A2206-3141-4703-A06D-45689B6D4531}.Release|x64.ActiveCfg = Release|x64
		{B21A2206-3141-4703-A06D-45689B6D4531}.Release|x64.Build.0 = Release|x64
		{B21A2206-3141-4703-A06D-45689B6D4531}.Release|x86.ActiveCfg = Release|Any CPU
		{B21A2206-3141-4703-A06D-45689B6D4531}.Release|x86.Build.0 = Release|Any CPU
		{A9F7D121-E1F0-43DD-BEF1-63881F23EA88}.Debug|Any CPU.ActiveCfg = Debug|Any CPU
		{A9F7D121-E1F0-43DD-BEF1-63881F23EA88}.Debug|Any CPU.Build.0 = Debug|Any CPU
		{A9F7D121-E1F0-43DD-BEF1-63881F23EA88}.Debug|x64.ActiveCfg = Debug|x64
		{A9F7D121-E1F0-43DD-BEF1-63881F23EA88}.Debug|x64.Build.0 = Debug|x64
		{A9F7D121-E1F0-43DD-BEF1-63881F23EA88}.Debug|x86.ActiveCfg = Debug|Any CPU
		{A9F7D121-E1F0-43DD-BEF1-63881F23EA88}.Debug|x86.Build.0 = Debug|Any CPU
		{A9F7D121-E1F0-43DD-BEF1-63881F23EA88}.Release|Any CPU.ActiveCfg = Release|Any CPU
		{A9F7D121-E1F0-43DD-BEF1-63881F23EA88}.Release|Any CPU.Build.0 = Release|Any CPU
		{A9F7D121-E1F0-43DD-BEF1-63881F23EA88}.Release|x64.ActiveCfg = Release|x64
		{A9F7D121-E1F0-43DD-BEF1-63881F23EA88}.Release|x64.Build.0 = Release|x64
		{A9F7D121-E1F0-43DD-BEF1-63881F23EA88}.Release|x86.ActiveCfg = Release|Any CPU
		{A9F7D121-E1F0-43DD-BEF1-63881F23EA88}.Release|x86.Build.0 = Release|Any CPU
		{B764C1CE-DC02-4388-8C05-419BC586F41D}.Debug|Any CPU.ActiveCfg = Debug|Any CPU
		{B764C1CE-DC02-4388-8C05-419BC586F41D}.Debug|Any CPU.Build.0 = Debug|Any CPU
		{B764C1CE-DC02-4388-8C05-419BC586F41D}.Debug|x64.ActiveCfg = Debug|x64
		{B764C1CE-DC02-4388-8C05-419BC586F41D}.Debug|x64.Build.0 = Debug|x64
		{B764C1CE-DC02-4388-8C05-419BC586F41D}.Debug|x86.ActiveCfg = Debug|Any CPU
		{B764C1CE-DC02-4388-8C05-419BC586F41D}.Debug|x86.Build.0 = Debug|Any CPU
		{B764C1CE-DC02-4388-8C05-419BC586F41D}.Release|Any CPU.ActiveCfg = Release|Any CPU
		{B764C1CE-DC02-4388-8C05-419BC586F41D}.Release|Any CPU.Build.0 = Release|Any CPU
		{B764C1CE-DC02-4388-8C05-419BC586F41D}.Release|x64.ActiveCfg = Release|x64
		{B764C1CE-DC02-4388-8C05-419BC586F41D}.Release|x64.Build.0 = Release|x64
		{B764C1CE-DC02-4388-8C05-419BC586F41D}.Release|x86.ActiveCfg = Release|Any CPU
		{B764C1CE-DC02-4388-8C05-419BC586F41D}.Release|x86.Build.0 = Release|Any CPU
	EndGlobalSection
	GlobalSection(SolutionProperties) = preSolution
		HideSolutionNode = FALSE
	EndGlobalSection
	GlobalSection(ExtensibilityGlobals) = postSolution
		SolutionGuid = {8D95C419-B6FF-4DE4-9A1B-AD673C3A6397}
	EndGlobalSection
EndGlobal
