
Microsoft Visual Studio Solution File, Format Version 12.00
# Visual Studio Version 18
VisualStudioVersion = 18.5.11723.231
MinimumVisualStudioVersion = 10.0.40219.1
Project("{FAE04EC0-301F-11D3-BF4B-00C04F79EFBC}") = "BaseLibrary.Collections", "src\BaseLibrary.Collections\BaseLibrary.Collections.csproj", "{EE96C4A3-93BB-58E4-9594-3E4F2EEB52DC}"
EndProject
Project("{FAE04EC0-301F-11D3-BF4B-00C04F79EFBC}") = "BaseLibrary.Colors", "src\BaseLibrary.Colors\BaseLibrary.Colors.csproj", "{9CFADCCA-CA7D-AEDA-0B93-090384EA4C99}"
EndProject
Project("{FAE04EC0-301F-11D3-BF4B-00C04F79EFBC}") = "BaseLibrary.Console", "src\BaseLibrary.Console\BaseLibrary.Console.csproj", "{E3FFC011-8611-5D82-3827-DECCF96A53E5}"
EndProject
Project("{FAE04EC0-301F-11D3-BF4B-00C04F79EFBC}") = "BaseLibrary.DependencyInjection", "src\BaseLibrary.DependencyInjection\BaseLibrary.DependencyInjection.csproj", "{2E88ACE1-FD02-4161-F23A-C7F52F12C991}"
EndProject
Project("{FAE04EC0-301F-11D3-BF4B-00C04F79EFBC}") = "BaseLibrary.Exception", "src\BaseLibrary.Exception\BaseLibrary.Exception.csproj", "{9999E279-5427-6DBC-D368-2575A30D4427}"
EndProject
Project("{FAE04EC0-301F-11D3-BF4B-00C04F79EFBC}") = "BaseLibrary.File", "src\BaseLibrary.File\BaseLibrary.File.csproj", "{D2AE0D94-C133-3B92-2E78-0CB48CA3185C}"
EndProject
Project("{FAE04EC0-301F-11D3-BF4B-00C04F79EFBC}") = "BaseLibrary.General", "src\BaseLibrary.General\BaseLibrary.General.csproj", "{45EBDDE4-D4A1-A4BC-8D86-23ACF6ABAB03}"
EndProject
Project("{FAE04EC0-301F-11D3-BF4B-00C04F79EFBC}") = "BaseLibrary.HTTP", "src\BaseLibrary.HTTP\BaseLibrary.HTTP.csproj", "{0A7FF208-56D0-C900-10DB-C7051BBD2FA1}"
EndProject
Project("{FAE04EC0-301F-11D3-BF4B-00C04F79EFBC}") = "BaseLibrary.Math", "src\BaseLibrary.Math\BaseLibrary.Math.csproj", "{CBDBD413-280C-C87F-925F-68403234993E}"
EndProject
Project("{FAE04EC0-301F-11D3-BF4B-00C04F79EFBC}") = "BaseLibrary.Math.Matrix", "src\BaseLibrary.Math.Matrix\BaseLibrary.Math.Matrix.csproj", "{C1AA2077-819F-106B-AF0F-1F1F9F8AD46D}"
EndProject
Project("{FAE04EC0-301F-11D3-BF4B-00C04F79EFBC}") = "BaseLibrary.Numbers", "src\BaseLibrary.Numbers\BaseLibrary.Numbers.csproj", "{6F5756F2-340A-DD32-1AC9-82D72BB29FCA}"
EndProject
Project("{FAE04EC0-301F-11D3-BF4B-00C04F79EFBC}") = "BaseLibrary.Text", "src\BaseLibrary.Text\BaseLibrary.Text.csproj", "{6055E95A-338F-9387-2246-CE2E740DD6C7}"
EndProject
Project("{FAE04EC0-301F-11D3-BF4B-00C04F79EFBC}") = "BasicLibrary.Events", "src\BasicLibrary.Events\BasicLibrary.Events.csproj", "{1A6872B9-F691-E121-A49D-379764B19587}"
EndProject
Project("{2150E333-8FDC-42A3-9474-1A3956D46DE8}") = "Tests", "Tests", "{97F1E234-A65F-4337-AC98-55FF52A1CCE6}"
EndProject
Project("{FAE04EC0-301F-11D3-BF4B-00C04F79EFBC}") = "BaseLibrary.Tests", "test\BaseLibrary.Tests\BaseLibrary.Tests.csproj", "{CC191FDA-88C2-6933-099F-D3996B5FE9E5}"
EndProject
Global
	GlobalSection(SolutionConfigurationPlatforms) = preSolution
		Debug|Any CPU = Debug|Any CPU
		Debug|ARM64 = Debug|ARM64
		Debug|x64 = Debug|x64
		Debug|x86 = Debug|x86
		Release|Any CPU = Release|Any CPU
		Release|ARM64 = Release|ARM64
		Release|x64 = Release|x64
		Release|x86 = Release|x86
	EndGlobalSection
	GlobalSection(ProjectConfigurationPlatforms) = postSolution
		{EE96C4A3-93BB-58E4-9594-3E4F2EEB52DC}.Debug|Any CPU.ActiveCfg = Debug|Any CPU
		{EE96C4A3-93BB-58E4-9594-3E4F2EEB52DC}.Debug|Any CPU.Build.0 = Debug|Any CPU
		{EE96C4A3-93BB-58E4-9594-3E4F2EEB52DC}.Debug|ARM64.ActiveCfg = Debug|ARM64
		{EE96C4A3-93BB-58E4-9594-3E4F2EEB52DC}.Debug|ARM64.Build.0 = Debug|ARM64
		{EE96C4A3-93BB-58E4-9594-3E4F2EEB52DC}.Debug|x64.ActiveCfg = Debug|x64
		{EE96C4A3-93BB-58E4-9594-3E4F2EEB52DC}.Debug|x64.Build.0 = Debug|x64
		{EE96C4A3-93BB-58E4-9594-3E4F2EEB52DC}.Debug|x86.ActiveCfg = Debug|x86
		{EE96C4A3-93BB-58E4-9594-3E4F2EEB52DC}.Debug|x86.Build.0 = Debug|x86
		{EE96C4A3-93BB-58E4-9594-3E4F2EEB52DC}.Release|Any CPU.ActiveCfg = Release|Any CPU
		{EE96C4A3-93BB-58E4-9594-3E4F2EEB52DC}.Release|Any CPU.Build.0 = Release|Any CPU
		{EE96C4A3-93BB-58E4-9594-3E4F2EEB52DC}.Release|ARM64.ActiveCfg = Release|ARM64
		{EE96C4A3-93BB-58E4-9594-3E4F2EEB52DC}.Release|ARM64.Build.0 = Release|ARM64
		{EE96C4A3-93BB-58E4-9594-3E4F2EEB52DC}.Release|x64.ActiveCfg = Release|x64
		{EE96C4A3-93BB-58E4-9594-3E4F2EEB52DC}.Release|x64.Build.0 = Release|x64
		{EE96C4A3-93BB-58E4-9594-3E4F2EEB52DC}.Release|x86.ActiveCfg = Release|x86
		{EE96C4A3-93BB-58E4-9594-3E4F2EEB52DC}.Release|x86.Build.0 = Release|x86
		{9CFADCCA-CA7D-AEDA-0B93-090384EA4C99}.Debug|Any CPU.ActiveCfg = Debug|Any CPU
		{9CFADCCA-CA7D-AEDA-0B93-090384EA4C99}.Debug|Any CPU.Build.0 = Debug|Any CPU
		{9CFADCCA-CA7D-AEDA-0B93-090384EA4C99}.Debug|ARM64.ActiveCfg = Debug|ARM64
		{9CFADCCA-CA7D-AEDA-0B93-090384EA4C99}.Debug|ARM64.Build.0 = Debug|ARM64
		{9CFADCCA-CA7D-AEDA-0B93-090384EA4C99}.Debug|x64.ActiveCfg = Debug|x64
		{9CFADCCA-CA7D-AEDA-0B93-090384EA4C99}.Debug|x64.Build.0 = Debug|x64
		{9CFADCCA-CA7D-AEDA-0B93-090384EA4C99}.Debug|x86.ActiveCfg = Debug|x86
		{9CFADCCA-CA7D-AEDA-0B93-090384EA4C99}.Debug|x86.Build.0 = Debug|x86
		{9CFADCCA-CA7D-AEDA-0B93-090384EA4C99}.Release|Any CPU.ActiveCfg = Release|Any CPU
		{9CFADCCA-CA7D-AEDA-0B93-090384EA4C99}.Release|Any CPU.Build.0 = Release|Any CPU
		{9CFADCCA-CA7D-AEDA-0B93-090384EA4C99}.Release|ARM64.ActiveCfg = Release|ARM64
		{9CFADCCA-CA7D-AEDA-0B93-090384EA4C99}.Release|ARM64.Build.0 = Release|ARM64
		{9CFADCCA-CA7D-AEDA-0B93-090384EA4C99}.Release|x64.ActiveCfg = Release|x64
		{9CFADCCA-CA7D-AEDA-0B93-090384EA4C99}.Release|x64.Build.0 = Release|x64
		{9CFADCCA-CA7D-AEDA-0B93-090384EA4C99}.Release|x86.ActiveCfg = Release|x86
		{9CFADCCA-CA7D-AEDA-0B93-090384EA4C99}.Release|x86.Build.0 = Release|x86
		{E3FFC011-8611-5D82-3827-DECCF96A53E5}.Debug|Any CPU.ActiveCfg = Debug|Any CPU
		{E3FFC011-8611-5D82-3827-DECCF96A53E5}.Debug|Any CPU.Build.0 = Debug|Any CPU
		{E3FFC011-8611-5D82-3827-DECCF96A53E5}.Debug|ARM64.ActiveCfg = Debug|ARM64
		{E3FFC011-8611-5D82-3827-DECCF96A53E5}.Debug|ARM64.Build.0 = Debug|ARM64
		{E3FFC011-8611-5D82-3827-DECCF96A53E5}.Debug|x64.ActiveCfg = Debug|x64
		{E3FFC011-8611-5D82-3827-DECCF96A53E5}.Debug|x64.Build.0 = Debug|x64
		{E3FFC011-8611-5D82-3827-DECCF96A53E5}.Debug|x86.ActiveCfg = Debug|x86
		{E3FFC011-8611-5D82-3827-DECCF96A53E5}.Debug|x86.Build.0 = Debug|x86
		{E3FFC011-8611-5D82-3827-DECCF96A53E5}.Release|Any CPU.ActiveCfg = Release|Any CPU
		{E3FFC011-8611-5D82-3827-DECCF96A53E5}.Release|Any CPU.Build.0 = Release|Any CPU
		{E3FFC011-8611-5D82-3827-DECCF96A53E5}.Release|ARM64.ActiveCfg = Release|ARM64
		{E3FFC011-8611-5D82-3827-DECCF96A53E5}.Release|ARM64.Build.0 = Release|ARM64
		{E3FFC011-8611-5D82-3827-DECCF96A53E5}.Release|x64.ActiveCfg = Release|x64
		{E3FFC011-8611-5D82-3827-DECCF96A53E5}.Release|x64.Build.0 = Release|x64
		{E3FFC011-8611-5D82-3827-DECCF96A53E5}.Release|x86.ActiveCfg = Release|x86
		{E3FFC011-8611-5D82-3827-DECCF96A53E5}.Release|x86.Build.0 = Release|x86
		{2E88ACE1-FD02-4161-F23A-C7F52F12C991}.Debug|Any CPU.ActiveCfg = Debug|Any CPU
		{2E88ACE1-FD02-4161-F23A-C7F52F12C991}.Debug|Any CPU.Build.0 = Debug|Any CPU
		{2E88ACE1-FD02-4161-F23A-C7F52F12C991}.Debug|ARM64.ActiveCfg = Debug|ARM64
		{2E88ACE1-FD02-4161-F23A-C7F52F12C991}.Debug|ARM64.Build.0 = Debug|ARM64
		{2E88ACE1-FD02-4161-F23A-C7F52F12C991}.Debug|x64.ActiveCfg = Debug|x64
		{2E88ACE1-FD02-4161-F23A-C7F52F12C991}.Debug|x64.Build.0 = Debug|x64
		{2E88ACE1-FD02-4161-F23A-C7F52F12C991}.Debug|x86.ActiveCfg = Debug|x86
		{2E88ACE1-FD02-4161-F23A-C7F52F12C991}.Debug|x86.Build.0 = Debug|x86
		{2E88ACE1-FD02-4161-F23A-C7F52F12C991}.Release|Any CPU.ActiveCfg = Release|Any CPU
		{2E88ACE1-FD02-4161-F23A-C7F52F12C991}.Release|Any CPU.Build.0 = Release|Any CPU
		{2E88ACE1-FD02-4161-F23A-C7F52F12C991}.Release|ARM64.ActiveCfg = Release|ARM64
		{2E88ACE1-FD02-4161-F23A-C7F52F12C991}.Release|ARM64.Build.0 = Release|ARM64
		{2E88ACE1-FD02-4161-F23A-C7F52F12C991}.Release|x64.ActiveCfg = Release|x64
		{2E88ACE1-FD02-4161-F23A-C7F52F12C991}.Release|x64.Build.0 = Release|x64
		{2E88ACE1-FD02-4161-F23A-C7F52F12C991}.Release|x86.ActiveCfg = Release|x86
		{2E88ACE1-FD02-4161-F23A-C7F52F12C991}.Release|x86.Build.0 = Release|x86
		{9999E279-5427-6DBC-D368-2575A30D4427}.Debug|Any CPU.ActiveCfg = Debug|Any CPU
		{9999E279-5427-6DBC-D368-2575A30D4427}.Debug|Any CPU.Build.0 = Debug|Any CPU
		{9999E279-5427-6DBC-D368-2575A30D4427}.Debug|ARM64.ActiveCfg = Debug|ARM64
		{9999E279-5427-6DBC-D368-2575A30D4427}.Debug|ARM64.Build.0 = Debug|ARM64
		{9999E279-5427-6DBC-D368-2575A30D4427}.Debug|x64.ActiveCfg = Debug|x64
		{9999E279-5427-6DBC-D368-2575A30D4427}.Debug|x64.Build.0 = Debug|x64
		{9999E279-5427-6DBC-D368-2575A30D4427}.Debug|x86.ActiveCfg = Debug|x86
		{9999E279-5427-6DBC-D368-2575A30D4427}.Debug|x86.Build.0 = Debug|x86
		{9999E279-5427-6DBC-D368-2575A30D4427}.Release|Any CPU.ActiveCfg = Release|Any CPU
		{9999E279-5427-6DBC-D368-2575A30D4427}.Release|Any CPU.Build.0 = Release|Any CPU
		{9999E279-5427-6DBC-D368-2575A30D4427}.Release|ARM64.ActiveCfg = Release|ARM64
		{9999E279-5427-6DBC-D368-2575A30D4427}.Release|ARM64.Build.0 = Release|ARM64
		{9999E279-5427-6DBC-D368-2575A30D4427}.Release|x64.ActiveCfg = Release|x64
		{9999E279-5427-6DBC-D368-2575A30D4427}.Release|x64.Build.0 = Release|x64
		{9999E279-5427-6DBC-D368-2575A30D4427}.Release|x86.ActiveCfg = Release|x86
		{9999E279-5427-6DBC-D368-2575A30D4427}.Release|x86.Build.0 = Release|x86
		{D2AE0D94-C133-3B92-2E78-0CB48CA3185C}.Debug|Any CPU.ActiveCfg = Debug|Any CPU
		{D2AE0D94-C133-3B92-2E78-0CB48CA3185C}.Debug|Any CPU.Build.0 = Debug|Any CPU
		{D2AE0D94-C133-3B92-2E78-0CB48CA3185C}.Debug|ARM64.ActiveCfg = Debug|ARM64
		{D2AE0D94-C133-3B92-2E78-0CB48CA3185C}.Debug|ARM64.Build.0 = Debug|ARM64
		{D2AE0D94-C133-3B92-2E78-0CB48CA3185C}.Debug|x64.ActiveCfg = Debug|x64
		{D2AE0D94-C133-3B92-2E78-0CB48CA3185C}.Debug|x64.Build.0 = Debug|x64
		{D2AE0D94-C133-3B92-2E78-0CB48CA3185C}.Debug|x86.ActiveCfg = Debug|x86
		{D2AE0D94-C133-3B92-2E78-0CB48CA3185C}.Debug|x86.Build.0 = Debug|x86
		{D2AE0D94-C133-3B92-2E78-0CB48CA3185C}.Release|Any CPU.ActiveCfg = Release|Any CPU
		{D2AE0D94-C133-3B92-2E78-0CB48CA3185C}.Release|Any CPU.Build.0 = Release|Any CPU
		{D2AE0D94-C133-3B92-2E78-0CB48CA3185C}.Release|ARM64.ActiveCfg = Release|ARM64
		{D2AE0D94-C133-3B92-2E78-0CB48CA3185C}.Release|ARM64.Build.0 = Release|ARM64
		{D2AE0D94-C133-3B92-2E78-0CB48CA3185C}.Release|x64.ActiveCfg = Release|x64
		{D2AE0D94-C133-3B92-2E78-0CB48CA3185C}.Release|x64.Build.0 = Release|x64
		{D2AE0D94-C133-3B92-2E78-0CB48CA3185C}.Release|x86.ActiveCfg = Release|x86
		{D2AE0D94-C133-3B92-2E78-0CB48CA3185C}.Release|x86.Build.0 = Release|x86
		{45EBDDE4-D4A1-A4BC-8D86-23ACF6ABAB03}.Debug|Any CPU.ActiveCfg = Debug|Any CPU
		{45EBDDE4-D4A1-A4BC-8D86-23ACF6ABAB03}.Debug|Any CPU.Build.0 = Debug|Any CPU
		{45EBDDE4-D4A1-A4BC-8D86-23ACF6ABAB03}.Debug|ARM64.ActiveCfg = Debug|ARM64
		{45EBDDE4-D4A1-A4BC-8D86-23ACF6ABAB03}.Debug|ARM64.Build.0 = Debug|ARM64
		{45EBDDE4-D4A1-A4BC-8D86-23ACF6ABAB03}.Debug|x64.ActiveCfg = Debug|x64
		{45EBDDE4-D4A1-A4BC-8D86-23ACF6ABAB03}.Debug|x64.Build.0 = Debug|x64
		{45EBDDE4-D4A1-A4BC-8D86-23ACF6ABAB03}.Debug|x86.ActiveCfg = Debug|x86
		{45EBDDE4-D4A1-A4BC-8D86-23ACF6ABAB03}.Debug|x86.Build.0 = Debug|x86
		{45EBDDE4-D4A1-A4BC-8D86-23ACF6ABAB03}.Release|Any CPU.ActiveCfg = Release|Any CPU
		{45EBDDE4-D4A1-A4BC-8D86-23ACF6ABAB03}.Release|Any CPU.Build.0 = Release|Any CPU
		{45EBDDE4-D4A1-A4BC-8D86-23ACF6ABAB03}.Release|ARM64.ActiveCfg = Release|ARM64
		{45EBDDE4-D4A1-A4BC-8D86-23ACF6ABAB03}.Release|ARM64.Build.0 = Release|ARM64
		{45EBDDE4-D4A1-A4BC-8D86-23ACF6ABAB03}.Release|x64.ActiveCfg = Release|x64
		{45EBDDE4-D4A1-A4BC-8D86-23ACF6ABAB03}.Release|x64.Build.0 = Release|x64
		{45EBDDE4-D4A1-A4BC-8D86-23ACF6ABAB03}.Release|x86.ActiveCfg = Release|x86
		{45EBDDE4-D4A1-A4BC-8D86-23ACF6ABAB03}.Release|x86.Build.0 = Release|x86
		{0A7FF208-56D0-C900-10DB-C7051BBD2FA1}.Debug|Any CPU.ActiveCfg = Debug|Any CPU
		{0A7FF208-56D0-C900-10DB-C7051BBD2FA1}.Debug|Any CPU.Build.0 = Debug|Any CPU
		{0A7FF208-56D0-C900-10DB-C7051BBD2FA1}.Debug|ARM64.ActiveCfg = Debug|ARM64
		{0A7FF208-56D0-C900-10DB-C7051BBD2FA1}.Debug|ARM64.Build.0 = Debug|ARM64
		{0A7FF208-56D0-C900-10DB-C7051BBD2FA1}.Debug|x64.ActiveCfg = Debug|x64
		{0A7FF208-56D0-C900-10DB-C7051BBD2FA1}.Debug|x64.Build.0 = Debug|x64
		{0A7FF208-56D0-C900-10DB-C7051BBD2FA1}.Debug|x86.ActiveCfg = Debug|x86
		{0A7FF208-56D0-C900-10DB-C7051BBD2FA1}.Debug|x86.Build.0 = Debug|x86
		{0A7FF208-56D0-C900-10DB-C7051BBD2FA1}.Release|Any CPU.ActiveCfg = Release|Any CPU
		{0A7FF208-56D0-C900-10DB-C7051BBD2FA1}.Release|Any CPU.Build.0 = Release|Any CPU
		{0A7FF208-56D0-C900-10DB-C7051BBD2FA1}.Release|ARM64.ActiveCfg = Release|ARM64
		{0A7FF208-56D0-C900-10DB-C7051BBD2FA1}.Release|ARM64.Build.0 = Release|ARM64
		{0A7FF208-56D0-C900-10DB-C7051BBD2FA1}.Release|x64.ActiveCfg = Release|x64
		{0A7FF208-56D0-C900-10DB-C7051BBD2FA1}.Release|x64.Build.0 = Release|x64
		{0A7FF208-56D0-C900-10DB-C7051BBD2FA1}.Release|x86.ActiveCfg = Release|x86
		{0A7FF208-56D0-C900-10DB-C7051BBD2FA1}.Release|x86.Build.0 = Release|x86
		{CBDBD413-280C-C87F-925F-68403234993E}.Debug|Any CPU.ActiveCfg = Debug|Any CPU
		{CBDBD413-280C-C87F-925F-68403234993E}.Debug|Any CPU.Build.0 = Debug|Any CPU
		{CBDBD413-280C-C87F-925F-68403234993E}.Debug|ARM64.ActiveCfg = Debug|ARM64
		{CBDBD413-280C-C87F-925F-68403234993E}.Debug|ARM64.Build.0 = Debug|ARM64
		{CBDBD413-280C-C87F-925F-68403234993E}.Debug|x64.ActiveCfg = Debug|x64
		{CBDBD413-280C-C87F-925F-68403234993E}.Debug|x64.Build.0 = Debug|x64
		{CBDBD413-280C-C87F-925F-68403234993E}.Debug|x86.ActiveCfg = Debug|x86
		{CBDBD413-280C-C87F-925F-68403234993E}.Debug|x86.Build.0 = Debug|x86
		{CBDBD413-280C-C87F-925F-68403234993E}.Release|Any CPU.ActiveCfg = Release|Any CPU
		{CBDBD413-280C-C87F-925F-68403234993E}.Release|Any CPU.Build.0 = Release|Any CPU
		{CBDBD413-280C-C87F-925F-68403234993E}.Release|ARM64.ActiveCfg = Release|ARM64
		{CBDBD413-280C-C87F-925F-68403234993E}.Release|ARM64.Build.0 = Release|ARM64
		{CBDBD413-280C-C87F-925F-68403234993E}.Release|x64.ActiveCfg = Release|x64
		{CBDBD413-280C-C87F-925F-68403234993E}.Release|x64.Build.0 = Release|x64
		{CBDBD413-280C-C87F-925F-68403234993E}.Release|x86.ActiveCfg = Release|x86
		{CBDBD413-280C-C87F-925F-68403234993E}.Release|x86.Build.0 = Release|x86
		{C1AA2077-819F-106B-AF0F-1F1F9F8AD46D}.Debug|Any CPU.ActiveCfg = Debug|Any CPU
		{C1AA2077-819F-106B-AF0F-1F1F9F8AD46D}.Debug|Any CPU.Build.0 = Debug|Any CPU
		{C1AA2077-819F-106B-AF0F-1F1F9F8AD46D}.Debug|ARM64.ActiveCfg = Debug|Any CPU
		{C1AA2077-819F-106B-AF0F-1F1F9F8AD46D}.Debug|ARM64.Build.0 = Debug|Any CPU
		{C1AA2077-819F-106B-AF0F-1F1F9F8AD46D}.Debug|x64.ActiveCfg = Debug|x64
		{C1AA2077-819F-106B-AF0F-1F1F9F8AD46D}.Debug|x64.Build.0 = Debug|x64
		{C1AA2077-819F-106B-AF0F-1F1F9F8AD46D}.Debug|x86.ActiveCfg = Debug|x86
		{C1AA2077-819F-106B-AF0F-1F1F9F8AD46D}.Debug|x86.Build.0 = Debug|x86
		{C1AA2077-819F-106B-AF0F-1F1F9F8AD46D}.Release|Any CPU.ActiveCfg = Release|Any CPU
		{C1AA2077-819F-106B-AF0F-1F1F9F8AD46D}.Release|Any CPU.Build.0 = Release|Any CPU
		{C1AA2077-819F-106B-AF0F-1F1F9F8AD46D}.Release|ARM64.ActiveCfg = Release|Any CPU
		{C1AA2077-819F-106B-AF0F-1F1F9F8AD46D}.Release|ARM64.Build.0 = Release|Any CPU
		{C1AA2077-819F-106B-AF0F-1F1F9F8AD46D}.Release|x64.ActiveCfg = Release|x64
		{C1AA2077-819F-106B-AF0F-1F1F9F8AD46D}.Release|x64.Build.0 = Release|x64
		{C1AA2077-819F-106B-AF0F-1F1F9F8AD46D}.Release|x86.ActiveCfg = Release|x86
		{C1AA2077-819F-106B-AF0F-1F1F9F8AD46D}.Release|x86.Build.0 = Release|x86
		{6F5756F2-340A-DD32-1AC9-82D72BB29FCA}.Debug|Any CPU.ActiveCfg = Debug|Any CPU
		{6F5756F2-340A-DD32-1AC9-82D72BB29FCA}.Debug|Any CPU.Build.0 = Debug|Any CPU
		{6F5756F2-340A-DD32-1AC9-82D72BB29FCA}.Debug|ARM64.ActiveCfg = Debug|ARM64
		{6F5756F2-340A-DD32-1AC9-82D72BB29FCA}.Debug|ARM64.Build.0 = Debug|ARM64
		{6F5756F2-340A-DD32-1AC9-82D72BB29FCA}.Debug|x64.ActiveCfg = Debug|x64
		{6F5756F2-340A-DD32-1AC9-82D72BB29FCA}.Debug|x64.Build.0 = Debug|x64
		{6F5756F2-340A-DD32-1AC9-82D72BB29FCA}.Debug|x86.ActiveCfg = Debug|x86
		{6F5756F2-340A-DD32-1AC9-82D72BB29FCA}.Debug|x86.Build.0 = Debug|x86
		{6F5756F2-340A-DD32-1AC9-82D72BB29FCA}.Release|Any CPU.ActiveCfg = Release|Any CPU
		{6F5756F2-340A-DD32-1AC9-82D72BB29FCA}.Release|Any CPU.Build.0 = Release|Any CPU
		{6F5756F2-340A-DD32-1AC9-82D72BB29FCA}.Release|ARM64.ActiveCfg = Release|ARM64
		{6F5756F2-340A-DD32-1AC9-82D72BB29FCA}.Release|ARM64.Build.0 = Release|ARM64
		{6F5756F2-340A-DD32-1AC9-82D72BB29FCA}.Release|x64.ActiveCfg = Release|x64
		{6F5756F2-340A-DD32-1AC9-82D72BB29FCA}.Release|x64.Build.0 = Release|x64
		{6F5756F2-340A-DD32-1AC9-82D72BB29FCA}.Release|x86.ActiveCfg = Release|x86
		{6F5756F2-340A-DD32-1AC9-82D72BB29FCA}.Release|x86.Build.0 = Release|x86
		{6055E95A-338F-9387-2246-CE2E740DD6C7}.Debug|Any CPU.ActiveCfg = Debug|Any CPU
		{6055E95A-338F-9387-2246-CE2E740DD6C7}.Debug|Any CPU.Build.0 = Debug|Any CPU
		{6055E95A-338F-9387-2246-CE2E740DD6C7}.Debug|ARM64.ActiveCfg = Debug|ARM64
		{6055E95A-338F-9387-2246-CE2E740DD6C7}.Debug|ARM64.Build.0 = Debug|ARM64
		{6055E95A-338F-9387-2246-CE2E740DD6C7}.Debug|x64.ActiveCfg = Debug|x64
		{6055E95A-338F-9387-2246-CE2E740DD6C7}.Debug|x64.Build.0 = Debug|x64
		{6055E95A-338F-9387-2246-CE2E740DD6C7}.Debug|x86.ActiveCfg = Debug|x86
		{6055E95A-338F-9387-2246-CE2E740DD6C7}.Debug|x86.Build.0 = Debug|x86
		{6055E95A-338F-9387-2246-CE2E740DD6C7}.Release|Any CPU.ActiveCfg = Release|Any CPU
		{6055E95A-338F-9387-2246-CE2E740DD6C7}.Release|Any CPU.Build.0 = Release|Any CPU
		{6055E95A-338F-9387-2246-CE2E740DD6C7}.Release|ARM64.ActiveCfg = Release|ARM64
		{6055E95A-338F-9387-2246-CE2E740DD6C7}.Release|ARM64.Build.0 = Release|ARM64
		{6055E95A-338F-9387-2246-CE2E740DD6C7}.Release|x64.ActiveCfg = Release|x64
		{6055E95A-338F-9387-2246-CE2E740DD6C7}.Release|x64.Build.0 = Release|x64
		{6055E95A-338F-9387-2246-CE2E740DD6C7}.Release|x86.ActiveCfg = Release|x86
		{6055E95A-338F-9387-2246-CE2E740DD6C7}.Release|x86.Build.0 = Release|x86
		{1A6872B9-F691-E121-A49D-379764B19587}.Debug|Any CPU.ActiveCfg = Debug|Any CPU
		{1A6872B9-F691-E121-A49D-379764B19587}.Debug|Any CPU.Build.0 = Debug|Any CPU
		{1A6872B9-F691-E121-A49D-379764B19587}.Debug|ARM64.ActiveCfg = Debug|ARM64
		{1A6872B9-F691-E121-A49D-379764B19587}.Debug|ARM64.Build.0 = Debug|ARM64
		{1A6872B9-F691-E121-A49D-379764B19587}.Debug|x64.ActiveCfg = Debug|x64
		{1A6872B9-F691-E121-A49D-379764B19587}.Debug|x64.Build.0 = Debug|x64
		{1A6872B9-F691-E121-A49D-379764B19587}.Debug|x86.ActiveCfg = Debug|x86
		{1A6872B9-F691-E121-A49D-379764B19587}.Debug|x86.Build.0 = Debug|x86
		{1A6872B9-F691-E121-A49D-379764B19587}.Release|Any CPU.ActiveCfg = Release|Any CPU
		{1A6872B9-F691-E121-A49D-379764B19587}.Release|Any CPU.Build.0 = Release|Any CPU
		{1A6872B9-F691-E121-A49D-379764B19587}.Release|ARM64.ActiveCfg = Release|ARM64
		{1A6872B9-F691-E121-A49D-379764B19587}.Release|ARM64.Build.0 = Release|ARM64
		{1A6872B9-F691-E121-A49D-379764B19587}.Release|x64.ActiveCfg = Release|x64
		{1A6872B9-F691-E121-A49D-379764B19587}.Release|x64.Build.0 = Release|x64
		{1A6872B9-F691-E121-A49D-379764B19587}.Release|x86.ActiveCfg = Release|x86
		{1A6872B9-F691-E121-A49D-379764B19587}.Release|x86.Build.0 = Release|x86
		{CC191FDA-88C2-6933-099F-D3996B5FE9E5}.Debug|Any CPU.ActiveCfg = Debug|Any CPU
		{CC191FDA-88C2-6933-099F-D3996B5FE9E5}.Debug|Any CPU.Build.0 = Debug|Any CPU
		{CC191FDA-88C2-6933-099F-D3996B5FE9E5}.Debug|ARM64.ActiveCfg = Debug|Any CPU
		{CC191FDA-88C2-6933-099F-D3996B5FE9E5}.Debug|ARM64.Build.0 = Debug|Any CPU
		{CC191FDA-88C2-6933-099F-D3996B5FE9E5}.Debug|x64.ActiveCfg = Debug|Any CPU
		{CC191FDA-88C2-6933-099F-D3996B5FE9E5}.Debug|x64.Build.0 = Debug|Any CPU
		{CC191FDA-88C2-6933-099F-D3996B5FE9E5}.Debug|x86.ActiveCfg = Debug|Any CPU
		{CC191FDA-88C2-6933-099F-D3996B5FE9E5}.Debug|x86.Build.0 = Debug|Any CPU
		{CC191FDA-88C2-6933-099F-D3996B5FE9E5}.Release|Any CPU.ActiveCfg = Release|Any CPU
		{CC191FDA-88C2-6933-099F-D3996B5FE9E5}.Release|Any CPU.Build.0 = Release|Any CPU
		{CC191FDA-88C2-6933-099F-D3996B5FE9E5}.Release|ARM64.ActiveCfg = Release|Any CPU
		{CC191FDA-88C2-6933-099F-D3996B5FE9E5}.Release|ARM64.Build.0 = Release|Any CPU
		{CC191FDA-88C2-6933-099F-D3996B5FE9E5}.Release|x64.ActiveCfg = Release|Any CPU
		{CC191FDA-88C2-6933-099F-D3996B5FE9E5}.Release|x64.Build.0 = Release|Any CPU
		{CC191FDA-88C2-6933-099F-D3996B5FE9E5}.Release|x86.ActiveCfg = Release|Any CPU
		{CC191FDA-88C2-6933-099F-D3996B5FE9E5}.Release|x86.Build.0 = Release|Any CPU
	EndGlobalSection
	GlobalSection(SolutionProperties) = preSolution
		HideSolutionNode = FALSE
	EndGlobalSection
	GlobalSection(NestedProjects) = preSolution
		{CC191FDA-88C2-6933-099F-D3996B5FE9E5} = {97F1E234-A65F-4337-AC98-55FF52A1CCE6}
	EndGlobalSection
	GlobalSection(ExtensibilityGlobals) = postSolution
		SolutionGuid = {8D95C419-B6FF-4DE4-9A1B-AD673C3A6397}
	EndGlobalSection
EndGlobal
